// !$*UTF8*$!
{
	archiveVersion = 1;
	classes = {
	};
	objectVersion = 46;
	objects = {

/* Begin PBXBuildFile section */
		A815CAD31A3CC70C00E57E04 /* main.m in Sources */ = {isa = PBXBuildFile; fileRef = A815CAD21A3CC70C00E57E04 /* main.m */; };
		A815CAD61A3CC70C00E57E04 /* AppDelegate.m in Sources */ = {isa = PBXBuildFile; fileRef = A815CAD51A3CC70C00E57E04 /* AppDelegate.m */; };
		A815CAD91A3CC70C00E57E04 /* ViewController.m in Sources */ = {isa = PBXBuildFile; fileRef = A815CAD81A3CC70C00E57E04 /* ViewController.m */; };
		A815CADC1A3CC70C00E57E04 /* Main.storyboard in Resources */ = {isa = PBXBuildFile; fileRef = A815CADA1A3CC70C00E57E04 /* Main.storyboard */; };
		A815CADE1A3CC70C00E57E04 /* Images.xcassets in Resources */ = {isa = PBXBuildFile; fileRef = A815CADD1A3CC70C00E57E04 /* Images.xcassets */; };
		A815CAE11A3CC70C00E57E04 /* LaunchScreen.xib in Resources */ = {isa = PBXBuildFile; fileRef = A815CADF1A3CC70C00E57E04 /* LaunchScreen.xib */; };
		A815CAED1A3CC70C00E57E04 /* HW_NSURLSessionTests.m in Sources */ = {isa = PBXBuildFile; fileRef = A815CAEC1A3CC70C00E57E04 /* HW_NSURLSessionTests.m */; };
		B21848CF1A3F140000ED832E /* Fruit.m in Sources */ = {isa = PBXBuildFile; fileRef = B21848CE1A3F140000ED832E /* Fruit.m */; };
		B21848D21A3F181E00ED832E /* FruitCell.m in Sources */ = {isa = PBXBuildFile; fileRef = B21848D11A3F181E00ED832E /* FruitCell.m */; };
/* End PBXBuildFile section */

/* Begin PBXContainerItemProxy section */
		A815CAE71A3CC70C00E57E04 /* PBXContainerItemProxy */ = {
			isa = PBXContainerItemProxy;
			containerPortal = A815CAC51A3CC70C00E57E04 /* Project object */;
			proxyType = 1;
			remoteGlobalIDString = A815CACC1A3CC70C00E57E04;
			remoteInfo = HW_NSURLSession;
		};
/* End PBXContainerItemProxy section */

/* Begin PBXFileReference section */
		A815CACD1A3CC70C00E57E04 /* HW_NSURLSession.app */ = {isa = PBXFileReference; explicitFileType = wrapper.application; includeInIndex = 0; path = HW_NSURLSession.app; sourceTree = BUILT_PRODUCTS_DIR; };
		A815CAD11A3CC70C00E57E04 /* Info.plist */ = {isa = PBXFileReference; lastKnownFileType = text.plist.xml; path = Info.plist; sourceTree = "<group>"; };
		A815CAD21A3CC70C00E57E04 /* main.m */ = {isa = PBXFileReference; lastKnownFileType = sourcecode.c.objc; path = main.m; sourceTree = "<group>"; };
		A815CAD41A3CC70C00E57E04 /* AppDelegate.h */ = {isa = PBXFileReference; lastKnownFileType = sourcecode.c.h; path = AppDelegate.h; sourceTree = "<group>"; };
		A815CAD51A3CC70C00E57E04 /* AppDelegate.m */ = {isa = PBXFileReference; lastKnownFileType = sourcecode.c.objc; path = AppDelegate.m; sourceTree = "<group>"; };
		A815CAD71A3CC70C00E57E04 /* ViewController.h */ = {isa = PBXFileReference; lastKnownFileType = sourcecode.c.h; path = ViewController.h; sourceTree = "<group>"; };
		A815CAD81A3CC70C00E57E04 /* ViewController.m */ = {isa = PBXFileReference; lastKnownFileType = sourcecode.c.objc; path = ViewController.m; sourceTree = "<group>"; };
		A815CADB1A3CC70C00E57E04 /* Base */ = {isa = PBXFileReference; lastKnownFileType = file.storyboard; name = Base; path = Base.lproj/Main.storyboard; sourceTree = "<group>"; };
		A815CADD1A3CC70C00E57E04 /* Images.xcassets */ = {isa = PBXFileReference; lastKnownFileType = folder.assetcatalog; path = Images.xcassets; sourceTree = "<group>"; };
		A815CAE01A3CC70C00E57E04 /* Base */ = {isa = PBXFileReference; lastKnownFileType = file.xib; name = Base; path = Base.lproj/LaunchScreen.xib; sourceTree = "<group>"; };
		A815CAE61A3CC70C00E57E04 /* HW_NSURLSessionTests.xctest */ = {isa = PBXFileReference; explicitFileType = wrapper.cfbundle; includeInIndex = 0; path = HW_NSURLSessionTests.xctest; sourceTree = BUILT_PRODUCTS_DIR; };
		A815CAEB1A3CC70C00E57E04 /* Info.plist */ = {isa = PBXFileReference; lastKnownFileType = text.plist.xml; path = Info.plist; sourceTree = "<group>"; };
		A815CAEC1A3CC70C00E57E04 /* HW_NSURLSessionTests.m */ = {isa = PBXFileReference; lastKnownFileType = sourcecode.c.objc; path = HW_NSURLSessionTests.m; sourceTree = "<group>"; };
		B21848CD1A3F140000ED832E /* Fruit.h */ = {isa = PBXFileReference; fileEncoding = 4; lastKnownFileType = sourcecode.c.h; path = Fruit.h; sourceTree = "<group>"; };
		B21848CE1A3F140000ED832E /* Fruit.m */ = {isa = PBXFileReference; fileEncoding = 4; lastKnownFileType = sourcecode.c.objc; path = Fruit.m; sourceTree = "<group>"; };
		B21848D01A3F181E00ED832E /* FruitCell.h */ = {isa = PBXFileReference; fileEncoding = 4; lastKnownFileType = sourcecode.c.h; path = FruitCell.h; sourceTree = "<group>"; };
		B21848D11A3F181E00ED832E /* FruitCell.m */ = {isa = PBXFileReference; fileEncoding = 4; lastKnownFileType = sourcecode.c.objc; path = FruitCell.m; sourceTree = "<group>"; };
/* End PBXFileReference section */

/* Begin PBXFrameworksBuildPhase section */
		A815CACA1A3CC70C00E57E04 /* Frameworks */ = {
			isa = PBXFrameworksBuildPhase;
			buildActionMask = 2147483647;
			files = (
			);
			runOnlyForDeploymentPostprocessing = 0;
		};
		A815CAE31A3CC70C00E57E04 /* Frameworks */ = {
			isa = PBXFrameworksBuildPhase;
			buildActionMask = 2147483647;
			files = (
			);
			runOnlyForDeploymentPostprocessing = 0;
		};
/* End PBXFrameworksBuildPhase section */

/* Begin PBXGroup section */
		A815CAC41A3CC70C00E57E04 = {
			isa = PBXGroup;
			children = (
				A815CACF1A3CC70C00E57E04 /* HW_NSURLSession */,
				A815CAE91A3CC70C00E57E04 /* HW_NSURLSessionTests */,
				A815CACE1A3CC70C00E57E04 /* Products */,
			);
			sourceTree = "<group>";
		};
		A815CACE1A3CC70C00E57E04 /* Products */ = {
			isa = PBXGroup;
			children = (
				A815CACD1A3CC70C00E57E04 /* HW_NSURLSession.app */,
				A815CAE61A3CC70C00E57E04 /* HW_NSURLSessionTests.xctest */,
			);
			name = Products;
			sourceTree = "<group>";
		};
		A815CACF1A3CC70C00E57E04 /* HW_NSURLSession */ = {
			isa = PBXGroup;
			children = (
				A815CAD41A3CC70C00E57E04 /* AppDelegate.h */,
				A815CAD51A3CC70C00E57E04 /* AppDelegate.m */,
				A815CAD71A3CC70C00E57E04 /* ViewController.h */,
				A815CAD81A3CC70C00E57E04 /* ViewController.m */,
				B21848D01A3F181E00ED832E /* FruitCell.h */,
				B21848D11A3F181E00ED832E /* FruitCell.m */,
				B21848CD1A3F140000ED832E /* Fruit.h */,
				B21848CE1A3F140000ED832E /* Fruit.m */,
				A815CADA1A3CC70C00E57E04 /* Main.storyboard */,
				A815CADD1A3CC70C00E57E04 /* Images.xcassets */,
				A815CADF1A3CC70C00E57E04 /* LaunchScreen.xib */,
				A815CAD01A3CC70C00E57E04 /* Supporting Files */,
			);
			path = HW_NSURLSession;
			sourceTree = "<group>";
		};
		A815CAD01A3CC70C00E57E04 /* Supporting Files */ = {
			isa = PBXGroup;
			children = (
				A815CAD11A3CC70C00E57E04 /* Info.plist */,
				A815CAD21A3CC70C00E57E04 /* main.m */,
			);
			name = "Supporting Files";
			sourceTree = "<group>";
		};
		A815CAE91A3CC70C00E57E04 /* HW_NSURLSessionTests */ = {
			isa = PBXGroup;
			children = (
				A815CAEC1A3CC70C00E57E04 /* HW_NSURLSessionTests.m */,
				A815CAEA1A3CC70C00E57E04 /* Supporting Files */,
			);
			path = HW_NSURLSessionTests;
			sourceTree = "<group>";
		};
		A815CAEA1A3CC70C00E57E04 /* Supporting Files */ = {
			isa = PBXGroup;
			children = (
				A815CAEB1A3CC70C00E57E04 /* Info.plist */,
			);
			name = "Supporting Files";
			sourceTree = "<group>";
		};
/* End PBXGroup section */

/* Begin PBXNativeTarget section */
		A815CACC1A3CC70C00E57E04 /* HW_NSURLSession */ = {
			isa = PBXNativeTarget;
			buildConfigurationList = A815CAF01A3CC70C00E57E04 /* Build configuration list for PBXNativeTarget "HW_NSURLSession" */;
			buildPhases = (
				A815CAC91A3CC70C00E57E04 /* Sources */,
				A815CACA1A3CC70C00E57E04 /* Frameworks */,
				A815CACB1A3CC70C00E57E04 /* Resources */,
			);
			buildRules = (
			);
			dependencies = (
			);
			name = HW_NSURLSession;
			productName = HW_NSURLSession;
			productReference = A815CACD1A3CC70C00E57E04 /* HW_NSURLSession.app */;
			productType = "com.apple.product-type.application";
		};
		A815CAE51A3CC70C00E57E04 /* HW_NSURLSessionTests */ = {
			isa = PBXNativeTarget;
			buildConfigurationList = A815CAF31A3CC70C00E57E04 /* Build configuration list for PBXNativeTarget "HW_NSURLSessionTests" */;
			buildPhases = (
				A815CAE21A3CC70C00E57E04 /* Sources */,
				A815CAE31A3CC70C00E57E04 /* Frameworks */,
				A815CAE41A3CC70C00E57E04 /* Resources */,
			);
			buildRules = (
			);
			dependencies = (
				A815CAE81A3CC70C00E57E04 /* PBXTargetDependency */,
			);
			name = HW_NSURLSessionTests;
			productName = HW_NSURLSessionTests;
			productReference = A815CAE61A3CC70C00E57E04 /* HW_NSURLSessionTests.xctest */;
			productType = "com.apple.product-type.bundle.unit-test";
		};
/* End PBXNativeTarget section */

/* Begin PBXProject section */
		A815CAC51A3CC70C00E57E04 /* Project object */ = {
			isa = PBXProject;
			attributes = {
				LastUpgradeCheck = 0610;
				ORGANIZATIONNAME = Alexander;
				TargetAttributes = {
					A815CACC1A3CC70C00E57E04 = {
						CreatedOnToolsVersion = 6.1.1;
					};
					A815CAE51A3CC70C00E57E04 = {
						CreatedOnToolsVersion = 6.1.1;
						TestTargetID = A815CACC1A3CC70C00E57E04;
					};
				};
			};
			buildConfigurationList = A815CAC81A3CC70C00E57E04 /* Build configuration list for PBXProject "HW_NSURLSession" */;
			compatibilityVersion = "Xcode 3.2";
			developmentRegion = English;
			hasScannedForEncodings = 0;
			knownRegions = (
				en,
				Base,
			);
			mainGroup = A815CAC41A3CC70C00E57E04;
			productRefGroup = A815CACE1A3CC70C00E57E04 /* Products */;
			projectDirPath = "";
			projectRoot = "";
			targets = (
				A815CACC1A3CC70C00E57E04 /* HW_NSURLSession */,
				A815CAE51A3CC70C00E57E04 /* HW_NSURLSessionTests */,
			);
		};
/* End PBXProject section */

/* Begin PBXResourcesBuildPhase section */
		A815CACB1A3CC70C00E57E04 /* Resources */ = {
			isa = PBXResourcesBuildPhase;
			buildActionMask = 2147483647;
			files = (
				A815CADC1A3CC70C00E57E04 /* Main.storyboard in Resources */,
				A815CAE11A3CC70C00E57E04 /* LaunchScreen.xib in Resources */,
				A815CADE1A3CC70C00E57E04 /* Images.xcassets in Resources */,
			);
			runOnlyForDeploymentPostprocessing = 0;
		};
		A815CAE41A3CC70C00E57E04 /* Resources */ = {
			isa = PBXResourcesBuildPhase;
			buildActionMask = 2147483647;
			files = (
			);
			runOnlyForDeploymentPostprocessing = 0;
		};
/* End PBXResourcesBuildPhase section */

/* Begin PBXSourcesBuildPhase section */
		A815CAC91A3CC70C00E57E04 /* Sources */ = {
			isa = PBXSourcesBuildPhase;
			buildActionMask = 2147483647;
			files = (
				B21848CF1A3F140000ED832E /* Fruit.m in Sources */,
				A815CAD91A3CC70C00E57E04 /* ViewController.m in Sources */,
				B21848D21A3F181E00ED832E /* FruitCell.m in Sources */,
				A815CAD61A3CC70C00E57E04 /* AppDelegate.m in Sources */,
				A815CAD31A3CC70C00E57E04 /* main.m in Sources */,
			);
			runOnlyForDeploymentPostprocessing = 0;
		};
		A815CAE21A3CC70C00E57E04 /* Sources */ = {
			isa = PBXSourcesBuildPhase;
			buildActionMask = 2147483647;
			files = (
				A815CAED1A3CC70C00E57E04 /* HW_NSURLSessionTests.m in Sources */,
			);
			runOnlyForDeploymentPostprocessing = 0;
		};
/* End PBXSourcesBuildPhase section */

/* Begin PBXTargetDependency section */
		A815CAE81A3CC70C00E57E04 /* PBXTargetDependency */ = {
			isa = PBXTargetDependency;
			target = A815CACC1A3CC70C00E57E04 /* HW_NSURLSession */;
			targetProxy = A815CAE71A3CC70C00E57E04 /* PBXContainerItemProxy */;
		};
/* End PBXTargetDependency section */

/* Begin PBXVariantGroup section */
		A815CADA1A3CC70C00E57E04 /* Main.storyboard */ = {
			isa = PBXVariantGroup;
			children = (
				A815CADB1A3CC70C00E57E04 /* Base */,
			);
			name = Main.storyboard;
			sourceTree = "<group>";
		};
		A815CADF1A3CC70C00E57E04 /* LaunchScreen.xib */ = {
			isa = PBXVariantGroup;
			children = (
				A815CAE01A3CC70C00E57E04 /* Base */,
			);
			name = LaunchScreen.xib;
			sourceTree = "<group>";
		};
/* End PBXVariantGroup section */

/* Begin XCBuildConfiguration section */
		A815CAEE1A3CC70C00E57E04 /* Debug */ = {
			isa = XCBuildConfiguration;
			buildSettings = {
				ALWAYS_SEARCH_USER_PATHS = NO;
				CLANG_CXX_LANGUAGE_STANDARD = "gnu++0x";
				CLANG_CXX_LIBRARY = "libc++";
				CLANG_ENABLE_MODULES = YES;
				CLANG_ENABLE_OBJC_ARC = YES;
				CLANG_WARN_BOOL_CONVERSION = YES;
				CLANG_WARN_CONSTANT_CONVERSION = YES;
				CLANG_WARN_DIRECT_OBJC_ISA_USAGE = YES_ERROR;
				CLANG_WARN_EMPTY_BODY = YES;
				CLANG_WARN_ENUM_CONVERSION = YES;
				CLANG_WARN_INT_CONVERSION = YES;
				CLANG_WARN_OBJC_ROOT_CLASS = YES_ERROR;
				CLANG_WARN_UNREACHABLE_CODE = YES;
				CLANG_WARN__DUPLICATE_METHOD_MATCH = YES;
				"CODE_SIGN_IDENTITY[sdk=iphoneos*]" = "iPhone Developer";
				COPY_PHASE_STRIP = NO;
				ENABLE_STRICT_OBJC_MSGSEND = YES;
				GCC_C_LANGUAGE_STANDARD = gnu99;
				GCC_DYNAMIC_NO_PIC = NO;
				GCC_OPTIMIZATION_LEVEL = 0;
				GCC_PREPROCESSOR_DEFINITIONS = (
					"DEBUG=1",
					"$(inherited)",
				);
				GCC_SYMBOLS_PRIVATE_EXTERN = NO;
				GCC_WARN_64_TO_32_BIT_CONVERSION = YES;
				GCC_WARN_ABOUT_RETURN_TYPE = YES_ERROR;
				GCC_WARN_UNDECLARED_SELECTOR = YES;
				GCC_WARN_UNINITIALIZED_AUTOS = YES_AGGRESSIVE;
				GCC_WARN_UNUSED_FUNCTION = YES;
				GCC_WARN_UNUSED_VARIABLE = YES;
				IPHONEOS_DEPLOYMENT_TARGET = 8.1;
				MTL_ENABLE_DEBUG_INFO = YES;
				ONLY_ACTIVE_ARCH = YES;
				SDKROOT = iphoneos;
			};
			name = Debug;
		};
		A815CAEF1A3CC70C00E57E04 /* Release */ = {
			isa = XCBuildConfiguration;
			buildSettings = {
				ALWAYS_SEARCH_USER_PATHS = NO;
				CLANG_CXX_LANGUAGE_STANDARD = "gnu++0x";
				CLANG_CXX_LIBRARY = "libc++";
				CLANG_ENABLE_MODULES = YES;
				CLANG_ENABLE_OBJC_ARC = YES;
				CLANG_WARN_BOOL_CONVERSION = YES;
				CLANG_WARN_CONSTANT_CONVERSION = YES;
				CLANG_WARN_DIRECT_OBJC_ISA_USAGE = YES_ERROR;
				CLANG_WARN_EMPTY_BODY = YES;
				CLANG_WARN_ENUM_CONVERSION = YES;
				CLANG_WARN_INT_CONVERSION = YES;
				CLANG_WARN_OBJC_ROOT_CLASS = YES_ERROR;
				CLANG_WARN_UNREACHABLE_CODE = YES;
				CLANG_WARN__DUPLICATE_METHOD_MATCH = YES;
				"CODE_SIGN_IDENTITY[sdk=iphoneos*]" = "iPhone Developer";
				COPY_PHASE_STRIP = YES;
				ENABLE_NS_ASSERTIONS = NO;
				ENABLE_STRICT_OBJC_MSGSEND = YES;
				GCC_C_LANGUAGE_STANDARD = gnu99;
				GCC_WARN_64_TO_32_BIT_CONVERSION = YES;
				GCC_WARN_ABOUT_RETURN_TYPE = YES_ERROR;
				GCC_WARN_UNDECLARED_SELECTOR = YES;
				GCC_WARN_UNINITIALIZED_AUTOS = YES_AGGRESSIVE;
				GCC_WARN_UNUSED_FUNCTION = YES;
				GCC_WARN_UNUSED_VARIABLE = YES;
				IPHONEOS_DEPLOYMENT_TARGET = 8.1;
				MTL_ENABLE_DEBUG_INFO = NO;
				SDKROOT = iphoneos;
				VALIDATE_PRODUCT = YES;
			};
			name = Release;
		};
		A815CAF11A3CC70C00E57E04 /* Debug */ = {
			isa = XCBuildConfiguration;
			buildSettings = {
				ASSETCATALOG_COMPILER_APPICON_NAME = AppIcon;
				INFOPLIST_FILE = HW_NSURLSession/Info.plist;
				LD_RUNPATH_SEARCH_PATHS = "$(inherited) @executable_path/Frameworks";
				PRODUCT_NAME = "$(TARGET_NAME)";
			};
			name = Debug;
		};
		A815CAF21A3CC70C00E57E04 /* Release */ = {
			isa = XCBuildConfiguration;
			buildSettings = {
				ASSETCATALOG_COMPILER_APPICON_NAME = AppIcon;
				INFOPLIST_FILE = HW_NSURLSession/Info.plist;
				LD_RUNPATH_SEARCH_PATHS = "$(inherited) @executable_path/Frameworks";
				PRODUCT_NAME = "$(TARGET_NAME)";
			};
			name = Release;
		};
		A815CAF41A3CC70C00E57E04 /* Debug */ = {
			isa = XCBuildConfiguration;
			buildSettings = {
				BUNDLE_LOADER = "$(TEST_HOST)";
				FRAMEWORK_SEARCH_PATHS = (
					"$(SDKROOT)/Developer/Library/Frameworks",
					"$(inherited)",
				);
				GCC_PREPROCESSOR_DEFINITIONS = (
					"DEBUG=1",
					"$(inherited)",
				);
				INFOPLIST_FILE = HW_NSURLSessionTests/Info.plist;
				LD_RUNPATH_SEARCH_PATHS = "$(inherited) @executable_path/Frameworks @loader_path/Frameworks";
				PRODUCT_NAME = "$(TARGET_NAME)";
				TEST_HOST = "$(BUILT_PRODUCTS_DIR)/HW_NSURLSession.app/HW_NSURLSession";
			};
			name = Debug;
		};
		A815CAF51A3CC70C00E57E04 /* Release */ = {
			isa = XCBuildConfiguration;
			buildSettings = {
				BUNDLE_LOADER = "$(TEST_HOST)";
				FRAMEWORK_SEARCH_PATHS = (
					"$(SDKROOT)/Developer/Library/Frameworks",
					"$(inherited)",
				);
				INFOPLIST_FILE = HW_NSURLSessionTests/Info.plist;
				LD_RUNPATH_SEARCH_PATHS = "$(inherited) @executable_path/Frameworks @loader_path/Frameworks";
				PRODUCT_NAME = "$(TARGET_NAME)";
				TEST_HOST = "$(BUILT_PRODUCTS_DIR)/HW_NSURLSession.app/HW_NSURLSession";
			};
			name = Release;
		};
/* End XCBuildConfiguration section */

/* Begin XCConfigurationList section */
		A815CAC81A3CC70C00E57E04 /* Build configuration list for PBXProject "HW_NSURLSession" */ = {
			isa = XCConfigurationList;
			buildConfigurations = (
				A815CAEE1A3CC70C00E57E04 /* Debug */,
				A815CAEF1A3CC70C00E57E04 /* Release */,
			);
			defaultConfigurationIsVisible = 0;
			defaultConfigurationName = Release;
		};
		A815CAF01A3CC70C00E57E04 /* Build configuration list for PBXNativeTarget "HW_NSURLSession" */ = {
			isa = XCConfigurationList;
			buildConfigurations = (
				A815CAF11A3CC70C00E57E04 /* Debug */,
				A815CAF21A3CC70C00E57E04 /* Release */,
			);
			defaultConfigurationIsVisible = 0;
			defaultConfigurationName = Release;
		};
		A815CAF31A3CC70C00E57E04 /* Build configuration list for PBXNativeTarget "HW_NSURLSessionTests" */ = {
			isa = XCConfigurationList;
			buildConfigurations = (
				A815CAF41A3CC70C00E57E04 /* Debug */,
				A815CAF51A3CC70C00E57E04 /* Release */,
			);
			defaultConfigurationIsVisible = 0;
			defaultConfigurationName = Release;
		};
/* End XCConfigurationList section */
	};
	rootObject = A815CAC51A3CC70C00E57E04 /* Project object */;
}
